
Microsoft Visual Studio Solution File, Format Version 12.00
# Visual Studio Version 17
VisualStudioVersion = 17.7.34221.43
MinimumVisualStudioVersion = 10.0.40219.1
Project("{FAE04EC0-301F-11D3-BF4B-00C04F79EFBC}") = "Assignment-8B", "Assignment-8B\Assignment-8B.csproj", "{EC72D8FD-42EB-4F48-9DBA-50760F9B88FC}"
EndProject
Global
	GlobalSection(SolutionConfigurationPlatforms) = preSolution
		Debug|Any CPU = Debug|Any CPU
		Release|Any CPU = Release|Any CPU
	EndGlobalSection
	GlobalSection(ProjectConfigurationPlatforms) = postSolution
		{EC72D8FD-42EB-4F48-9DBA-50760F9B88FC}.Debug|Any CPU.ActiveCfg = Debug|Any CPU
		{EC72D8FD-42EB-4F48-9DBA-50760F9B88FC}.Debug|Any CPU.Build.0 = Debug|Any CPU
		{EC72D8FD-42EB-4F48-9DBA-50760F9B88FC}.Release|Any CPU.ActiveCfg = Release|Any CPU
		{EC72D8FD-42EB-4F48-9DBA-50760F9B88FC}.Release|Any CPU.Build.0 = Release|Any CPU
	EndGlobalSection
	GlobalSection(SolutionProperties) = preSolution
		HideSolutionNode = FALSE
	EndGlobalSection
	GlobalSection(ExtensibilityGlobals) = postSolution
		SolutionGuid = {BB966ACD-8BA9-4844-A06B-17E603A9C5D3}
	EndGlobalSection
EndGlobal
